<?xml version="1.0" encoding="utf-8"?>
<Project ToolsVersion="4.0" xmlns="http://schemas.microsoft.com/developer/msbuild/2003">
  <ItemGroup>
    <ClInclude Include="ASEFile.h">
      <Filter>ASEParser\Lexer</Filter>
    </ClInclude>
    <ClInclude Include="Lexer.h">
      <Filter>ASEParser\Lexer</Filter>
    </ClInclude>
    <ClInclude Include="Animation.h">
      <Filter>ASEParser</Filter>
    </ClInclude>
    <ClInclude Include="CASEParser.h">
      <Filter>ASEParser</Filter>
    </ClInclude>
    <ClInclude Include="CParsingDataClass.h">
      <Filter>ASEParser</Filter>
    </ClInclude>
    <ClInclude Include="GameTimer.h">
      <Filter>etc</Filter>
    </ClInclude>
  </ItemGroup>
  <ItemGroup>
    <ClCompile Include="ASEFile.cpp">
      <Filter>ASEParser\Lexer</Filter>
    </ClCompile>
    <ClCompile Include="Lexer.cpp">
      <Filter>ASEParser\Lexer</Filter>
    </ClCompile>
    <ClCompile Include="CASEParser.cpp">
      <Filter>ASEParser</Filter>
    </ClCompile>
    <ClCompile Include="CParsingDataClass.cpp">
      <Filter>ASEParser</Filter>
    </ClCompile>
    <ClCompile Include="GameTimer.cpp">
      <Filter>etc</Filter>
    </ClCompile>
  </ItemGroup>
  <ItemGroup>
    <Filter Include="ASEParser">
      <UniqueIdentifier>{52d80794-103b-44cf-9c44-92283dfe0ae8}</UniqueIdentifier>
    </Filter>
    <Filter Include="ASEParser\Lexer">
      <UniqueIdentifier>{29366883-aa42-4f2a-b7f9-6d4ccd82d181}</UniqueIdentifier>
    </Filter>
    <Filter Include="ASEParser\ASE">
      <UniqueIdentifier>{f077f689-0965-4640-8e1c-a5cba57c95e4}</UniqueIdentifier>
    </Filter>
    <Filter Include="etc">
      <UniqueIdentifier>{725f255d-41e8-4855-8dae-2a76eb0222c2}</UniqueIdentifier>
    </Filter>
  </ItemGroup>
  <ItemGroup>
    <None Include="..\ASEFile\teapot.ASE">
      <Filter>ASEParser\ASE</Filter>
    </None>
    <None Include="..\ASEFile\genji_blender.ase">
      <Filter>ASEParser\ASE</Filter>
    </None>
    <None Include="..\ASEFile\genji_max.ASE">
      <Filter>ASEParser\ASE</Filter>
    </None>
    <None Include="..\ASEFile\box.ASE">
      <Filter>ASEParser\ASE</Filter>
    </None>
    <None Include="..\ASEFile\box_material.ASE">
      <Filter>ASEParser\ASE</Filter>
    </None>
    <None Include="..\ASEFile\03IK-Joe.ASE">
      <Filter>ASEParser\ASE</Filter>
    </None>
    <None Include="..\ASEFile\03IK-Joe_onlymesh.ASE">
      <Filter>ASEParser\ASE</Filter>
    </None>
  </ItemGroup>
</Project>