<?xml version="1.0" encoding="utf-8"?>
<Project ToolsVersion="4.0" xmlns="http://schemas.microsoft.com/developer/msbuild/2003">
  <ItemGroup>
    <Filter Include="DXGraphics">
      <UniqueIdentifier>{d540b081-ab0c-42f6-8cfe-7aee02b77b41}</UniqueIdentifier>
    </Filter>
    <Filter Include="Color">
      <UniqueIdentifier>{534da521-284b-4028-aac6-cdd41f9ab46e}</UniqueIdentifier>
    </Filter>
    <Filter Include="Camera">
      <UniqueIdentifier>{3644887e-4b67-4f20-b601-304c24241ef7}</UniqueIdentifier>
    </Filter>
    <Filter Include="etc">
      <UniqueIdentifier>{d9397347-f2d7-4ff6-b663-4c68c5ee2976}</UniqueIdentifier>
    </Filter>
  </ItemGroup>
  <ItemGroup>
    <ClInclude Include="DXGraphics.h">
      <Filter>DXGraphics</Filter>
    </ClInclude>
    <ClInclude Include="Color.h">
      <Filter>Color</Filter>
    </ClInclude>
    <ClInclude Include="Camera.h">
      <Filter>Camera</Filter>
    </ClInclude>
    <ClInclude Include="DXDefine.h">
      <Filter>etc</Filter>
    </ClInclude>
    <ClInclude Include="TimeController.h">
      <Filter>etc</Filter>
    </ClInclude>
    <ClInclude Include="InputManager.h">
      <Filter>etc</Filter>
    </ClInclude>
  </ItemGroup>
  <ItemGroup>
    <ClCompile Include="DXGraphics.cpp">
      <Filter>DXGraphics</Filter>
    </ClCompile>
    <ClCompile Include="Camera.cpp">
      <Filter>Camera</Filter>
    </ClCompile>
    <ClCompile Include="TimeController.cpp">
      <Filter>etc</Filter>
    </ClCompile>
    <ClCompile Include="InputManager.cpp">
      <Filter>etc</Filter>
    </ClCompile>
  </ItemGroup>
  <ItemGroup>
    <FxCompile Include="VertexShader.fx" />
    <FxCompile Include="VertexShader2.fx" />
  </ItemGroup>
</Project>